
Microsoft Visual Studio Solution File, Format Version 12.00
# Visual Studio Version 17
VisualStudioVersion = 17.7.34031.279
MinimumVisualStudioVersion = 10.0.40219.1
Project("{FAE04EC0-301F-11D3-BF4B-00C04F79EFBC}") = "Beauty-Art", "Beauty-Art\Beauty-Art.csproj", "{35F5FF2B-6CF5-46D5-AB59-6897EF64AD0D}"
EndProject
Project("{FAE04EC0-301F-11D3-BF4B-00C04F79EFBC}") = "Beauty-Art.Repository", "Beauty-Art.Repository\Beauty-Art.Repository.csproj", "{8A286629-76D8-4F2F-A45C-E3D5A13A552A}"
EndProject
Project("{FAE04EC0-301F-11D3-BF4B-00C04F79EFBC}") = "Beauty-Art.Domains", "Beauty-Art.Domains\Beauty-Art.Domains.csproj", "{24AFB9BA-6F27-4FEB-B38E-B4AD83C10CF0}"
EndProject
Global
	GlobalSection(SolutionConfigurationPlatforms) = preSolution
		Debug|Any CPU = Debug|Any CPU
		Release|Any CPU = Release|Any CPU
	EndGlobalSection
	GlobalSection(ProjectConfigurationPlatforms) = postSolution
		{35F5FF2B-6CF5-46D5-AB59-6897EF64AD0D}.Debug|Any CPU.ActiveCfg = Debug|Any CPU
		{35F5FF2B-6CF5-46D5-AB59-6897EF64AD0D}.Debug|Any CPU.Build.0 = Debug|Any CPU
		{35F5FF2B-6CF5-46D5-AB59-6897EF64AD0D}.Release|Any CPU.ActiveCfg = Release|Any CPU
		{35F5FF2B-6CF5-46D5-AB59-6897EF64AD0D}.Release|Any CPU.Build.0 = Release|Any CPU
		{8A286629-76D8-4F2F-A45C-E3D5A13A552A}.Debug|Any CPU.ActiveCfg = Debug|Any CPU
		{8A286629-76D8-4F2F-A45C-E3D5A13A552A}.Debug|Any CPU.Build.0 = Debug|Any CPU
		{8A286629-76D8-4F2F-A45C-E3D5A13A552A}.Release|Any CPU.ActiveCfg = Release|Any CPU
		{8A286629-76D8-4F2F-A45C-E3D5A13A552A}.Release|Any CPU.Build.0 = Release|Any CPU
		{24AFB9BA-6F27-4FEB-B38E-B4AD83C10CF0}.Debug|Any CPU.ActiveCfg = Debug|Any CPU
		{24AFB9BA-6F27-4FEB-B38E-B4AD83C10CF0}.Debug|Any CPU.Build.0 = Debug|Any CPU
		{24AFB9BA-6F27-4FEB-B38E-B4AD83C10CF0}.Release|Any CPU.ActiveCfg = Release|Any CPU
		{24AFB9BA-6F27-4FEB-B38E-B4AD83C10CF0}.Release|Any CPU.Build.0 = Release|Any CPU
	EndGlobalSection
	GlobalSection(SolutionProperties) = preSolution
		HideSolutionNode = FALSE
	EndGlobalSection
	GlobalSection(ExtensibilityGlobals) = postSolution
		SolutionGuid = {B2AFC584-C6EC-403C-B302-4D611A90FAB9}
	EndGlobalSection
EndGlobal
