
Microsoft Visual Studio Solution File, Format Version 12.00
# Visual Studio Version 17
VisualStudioVersion = 17.5.33627.172
MinimumVisualStudioVersion = 10.0.40219.1
Project("{9A19103F-16F7-4668-BE54-9A1E7A4F7556}") = "Project.SWP", "Project.SWP\Project.SWP.csproj", "{5C6D172E-C76B-4DF7-BD3D-90894B6FCB54}"
EndProject
Project("{9A19103F-16F7-4668-BE54-9A1E7A4F7556}") = "Services", "Services\Services.csproj", "{02E06E41-9F23-4A23-90FC-AE973D7556FF}"
EndProject
Global
	GlobalSection(SolutionConfigurationPlatforms) = preSolution
		Debug|Any CPU = Debug|Any CPU
		Release|Any CPU = Release|Any CPU
	EndGlobalSection
	GlobalSection(ProjectConfigurationPlatforms) = postSolution
		{5C6D172E-C76B-4DF7-BD3D-90894B6FCB54}.Debug|Any CPU.ActiveCfg = Debug|Any CPU
		{5C6D172E-C76B-4DF7-BD3D-90894B6FCB54}.Debug|Any CPU.Build.0 = Debug|Any CPU
		{5C6D172E-C76B-4DF7-BD3D-90894B6FCB54}.Release|Any CPU.ActiveCfg = Release|Any CPU
		{5C6D172E-C76B-4DF7-BD3D-90894B6FCB54}.Release|Any CPU.Build.0 = Release|Any CPU
		{02E06E41-9F23-4A23-90FC-AE973D7556FF}.Debug|Any CPU.ActiveCfg = Debug|Any CPU
		{02E06E41-9F23-4A23-90FC-AE973D7556FF}.Debug|Any CPU.Build.0 = Debug|Any CPU
		{02E06E41-9F23-4A23-90FC-AE973D7556FF}.Release|Any CPU.ActiveCfg = Release|Any CPU
		{02E06E41-9F23-4A23-90FC-AE973D7556FF}.Release|Any CPU.Build.0 = Release|Any CPU
	EndGlobalSection
	GlobalSection(SolutionProperties) = preSolution
		HideSolutionNode = FALSE
	EndGlobalSection
	GlobalSection(ExtensibilityGlobals) = postSolution
		SolutionGuid = {E39D57FE-E9B3-46AA-B243-E7412B915EA8}
	EndGlobalSection
EndGlobal
